// !$*UTF8*$!
{
	archiveVersion = 1;
	classes = {
	};
	objectVersion = 48;
	objects = {

/* Begin PBXBuildFile section */
		980237341F2B8FEC00C3BEC2 /* AppDelegate.swift in Sources */ = {isa = PBXBuildFile; fileRef = 980237331F2B8FEC00C3BEC2 /* AppDelegate.swift */; };
		980237361F2B8FEC00C3BEC2 /* ViewController.swift in Sources */ = {isa = PBXBuildFile; fileRef = 980237351F2B8FEC00C3BEC2 /* ViewController.swift */; };
		980237391F2B8FEC00C3BEC2 /* Main.storyboard in Resources */ = {isa = PBXBuildFile; fileRef = 980237371F2B8FEC00C3BEC2 /* Main.storyboard */; };
		9802373B1F2B8FEC00C3BEC2 /* Assets.xcassets in Resources */ = {isa = PBXBuildFile; fileRef = 9802373A1F2B8FEC00C3BEC2 /* Assets.xcassets */; };
		9802373E1F2B8FEC00C3BEC2 /* LaunchScreen.storyboard in Resources */ = {isa = PBXBuildFile; fileRef = 9802373C1F2B8FEC00C3BEC2 /* LaunchScreen.storyboard */; };
		980237491F2B8FED00C3BEC2 /* CollectionViewWithPagingTests.swift in Sources */ = {isa = PBXBuildFile; fileRef = 980237481F2B8FED00C3BEC2 /* CollectionViewWithPagingTests.swift */; };
		980237541F2B8FED00C3BEC2 /* CollectionViewWithPagingUITests.swift in Sources */ = {isa = PBXBuildFile; fileRef = 980237531F2B8FED00C3BEC2 /* CollectionViewWithPagingUITests.swift */; };
		98F4502A1F2B9300003CA369 /* UIColor+RainbowCrayons.swift in Sources */ = {isa = PBXBuildFile; fileRef = 98F450291F2B92FF003CA369 /* UIColor+RainbowCrayons.swift */; };
		98F4502C1F2B931B003CA369 /* ColorsPaletteCollectionViewCell.swift in Sources */ = {isa = PBXBuildFile; fileRef = 98F4502B1F2B931A003CA369 /* ColorsPaletteCollectionViewCell.swift */; };
/* End PBXBuildFile section */

/* Begin PBXContainerItemProxy section */
		980237451F2B8FED00C3BEC2 /* PBXContainerItemProxy */ = {
			isa = PBXContainerItemProxy;
			containerPortal = 980237281F2B8FEC00C3BEC2 /* Project object */;
			proxyType = 1;
			remoteGlobalIDString = 9802372F1F2B8FEC00C3BEC2;
			remoteInfo = CollectionViewWithPaging;
		};
		980237501F2B8FED00C3BEC2 /* PBXContainerItemProxy */ = {
			isa = PBXContainerItemProxy;
			containerPortal = 980237281F2B8FEC00C3BEC2 /* Project object */;
			proxyType = 1;
			remoteGlobalIDString = 9802372F1F2B8FEC00C3BEC2;
			remoteInfo = CollectionViewWithPaging;
		};
/* End PBXContainerItemProxy section */

/* Begin PBXFileReference section */
		980237301F2B8FEC00C3BEC2 /* CollectionViewWithPaging.app */ = {isa = PBXFileReference; explicitFileType = wrapper.application; includeInIndex = 0; path = CollectionViewWithPaging.app; sourceTree = BUILT_PRODUCTS_DIR; };
		980237331F2B8FEC00C3BEC2 /* AppDelegate.swift */ = {isa = PBXFileReference; lastKnownFileType = sourcecode.swift; path = AppDelegate.swift; sourceTree = "<group>"; };
		980237351F2B8FEC00C3BEC2 /* ViewController.swift */ = {isa = PBXFileReference; lastKnownFileType = sourcecode.swift; path = ViewController.swift; sourceTree = "<group>"; };
		980237381F2B8FEC00C3BEC2 /* Base */ = {isa = PBXFileReference; lastKnownFileType = file.storyboard; name = Base; path = Base.lproj/Main.storyboard; sourceTree = "<group>"; };
		9802373A1F2B8FEC00C3BEC2 /* Assets.xcassets */ = {isa = PBXFileReference; lastKnownFileType = folder.assetcatalog; path = Assets.xcassets; sourceTree = "<group>"; };
		9802373D1F2B8FEC00C3BEC2 /* Base */ = {isa = PBXFileReference; lastKnownFileType = file.storyboard; name = Base; path = Base.lproj/LaunchScreen.storyboard; sourceTree = "<group>"; };
		9802373F1F2B8FEC00C3BEC2 /* Info.plist */ = {isa = PBXFileReference; lastKnownFileType = text.plist.xml; path = Info.plist; sourceTree = "<group>"; };
		980237441F2B8FED00C3BEC2 /* CollectionViewWithPagingTests.xctest */ = {isa = PBXFileReference; explicitFileType = wrapper.cfbundle; includeInIndex = 0; path = CollectionViewWithPagingTests.xctest; sourceTree = BUILT_PRODUCTS_DIR; };
		980237481F2B8FED00C3BEC2 /* CollectionViewWithPagingTests.swift */ = {isa = PBXFileReference; lastKnownFileType = sourcecode.swift; path = CollectionViewWithPagingTests.swift; sourceTree = "<group>"; };
		9802374A1F2B8FED00C3BEC2 /* Info.plist */ = {isa = PBXFileReference; lastKnownFileType = text.plist.xml; path = Info.plist; sourceTree = "<group>"; };
		9802374F1F2B8FED00C3BEC2 /* CollectionViewWithPagingUITests.xctest */ = {isa = PBXFileReference; explicitFileType = wrapper.cfbundle; includeInIndex = 0; path = CollectionViewWithPagingUITests.xctest; sourceTree = BUILT_PRODUCTS_DIR; };
		980237531F2B8FED00C3BEC2 /* CollectionViewWithPagingUITests.swift */ = {isa = PBXFileReference; lastKnownFileType = sourcecode.swift; path = CollectionViewWithPagingUITests.swift; sourceTree = "<group>"; };
		980237551F2B8FED00C3BEC2 /* Info.plist */ = {isa = PBXFileReference; lastKnownFileType = text.plist.xml; path = Info.plist; sourceTree = "<group>"; };
		98F450291F2B92FF003CA369 /* UIColor+RainbowCrayons.swift */ = {isa = PBXFileReference; lastKnownFileType = sourcecode.swift; path = "UIColor+RainbowCrayons.swift"; sourceTree = "<group>"; };
		98F4502B1F2B931A003CA369 /* ColorsPaletteCollectionViewCell.swift */ = {isa = PBXFileReference; lastKnownFileType = sourcecode.swift; path = ColorsPaletteCollectionViewCell.swift; sourceTree = "<group>"; };
/* End PBXFileReference section */

/* Begin PBXFrameworksBuildPhase section */
		9802372D1F2B8FEC00C3BEC2 /* Frameworks */ = {
			isa = PBXFrameworksBuildPhase;
			buildActionMask = 2147483647;
			files = (
			);
			runOnlyForDeploymentPostprocessing = 0;
		};
		980237411F2B8FED00C3BEC2 /* Frameworks */ = {
			isa = PBXFrameworksBuildPhase;
			buildActionMask = 2147483647;
			files = (
			);
			runOnlyForDeploymentPostprocessing = 0;
		};
		9802374C1F2B8FED00C3BEC2 /* Frameworks */ = {
			isa = PBXFrameworksBuildPhase;
			buildActionMask = 2147483647;
			files = (
			);
			runOnlyForDeploymentPostprocessing = 0;
		};
/* End PBXFrameworksBuildPhase section */

/* Begin PBXGroup section */
		980237271F2B8FEC00C3BEC2 = {
			isa = PBXGroup;
			children = (
				980237321F2B8FEC00C3BEC2 /* CollectionViewWithPaging */,
				980237471F2B8FED00C3BEC2 /* CollectionViewWithPagingTests */,
				980237521F2B8FED00C3BEC2 /* CollectionViewWithPagingUITests */,
				980237311F2B8FEC00C3BEC2 /* Products */,
			);
			sourceTree = "<group>";
		};
		980237311F2B8FEC00C3BEC2 /* Products */ = {
			isa = PBXGroup;
			children = (
				980237301F2B8FEC00C3BEC2 /* CollectionViewWithPaging.app */,
				980237441F2B8FED00C3BEC2 /* CollectionViewWithPagingTests.xctest */,
				9802374F1F2B8FED00C3BEC2 /* CollectionViewWithPagingUITests.xctest */,
			);
			name = Products;
			sourceTree = "<group>";
		};
		980237321F2B8FEC00C3BEC2 /* CollectionViewWithPaging */ = {
			isa = PBXGroup;
			children = (
				980237331F2B8FEC00C3BEC2 /* AppDelegate.swift */,
				980237351F2B8FEC00C3BEC2 /* ViewController.swift */,
				98F450291F2B92FF003CA369 /* UIColor+RainbowCrayons.swift */,
				98F4502B1F2B931A003CA369 /* ColorsPaletteCollectionViewCell.swift */,
				980237371F2B8FEC00C3BEC2 /* Main.storyboard */,
				9802373A1F2B8FEC00C3BEC2 /* Assets.xcassets */,
				9802373C1F2B8FEC00C3BEC2 /* LaunchScreen.storyboard */,
				9802373F1F2B8FEC00C3BEC2 /* Info.plist */,
			);
			path = CollectionViewWithPaging;
			sourceTree = "<group>";
		};
		980237471F2B8FED00C3BEC2 /* CollectionViewWithPagingTests */ = {
			isa = PBXGroup;
			children = (
				980237481F2B8FED00C3BEC2 /* CollectionViewWithPagingTests.swift */,
				9802374A1F2B8FED00C3BEC2 /* Info.plist */,
			);
			path = CollectionViewWithPagingTests;
			sourceTree = "<group>";
		};
		980237521F2B8FED00C3BEC2 /* CollectionViewWithPagingUITests */ = {
			isa = PBXGroup;
			children = (
				980237531F2B8FED00C3BEC2 /* CollectionViewWithPagingUITests.swift */,
				980237551F2B8FED00C3BEC2 /* Info.plist */,
			);
			path = CollectionViewWithPagingUITests;
			sourceTree = "<group>";
		};
/* End PBXGroup section */

/* Begin PBXNativeTarget section */
		9802372F1F2B8FEC00C3BEC2 /* CollectionViewWithPaging */ = {
			isa = PBXNativeTarget;
			buildConfigurationList = 980237581F2B8FED00C3BEC2 /* Build configuration list for PBXNativeTarget "CollectionViewWithPaging" */;
			buildPhases = (
				9802372C1F2B8FEC00C3BEC2 /* Sources */,
				9802372D1F2B8FEC00C3BEC2 /* Frameworks */,
				9802372E1F2B8FEC00C3BEC2 /* Resources */,
			);
			buildRules = (
			);
			dependencies = (
			);
			name = CollectionViewWithPaging;
			productName = CollectionViewWithPaging;
			productReference = 980237301F2B8FEC00C3BEC2 /* CollectionViewWithPaging.app */;
			productType = "com.apple.product-type.application";
		};
		980237431F2B8FED00C3BEC2 /* CollectionViewWithPagingTests */ = {
			isa = PBXNativeTarget;
			buildConfigurationList = 9802375B1F2B8FED00C3BEC2 /* Build configuration list for PBXNativeTarget "CollectionViewWithPagingTests" */;
			buildPhases = (
				980237401F2B8FED00C3BEC2 /* Sources */,
				980237411F2B8FED00C3BEC2 /* Frameworks */,
				980237421F2B8FED00C3BEC2 /* Resources */,
			);
			buildRules = (
			);
			dependencies = (
				980237461F2B8FED00C3BEC2 /* PBXTargetDependency */,
			);
			name = CollectionViewWithPagingTests;
			productName = CollectionViewWithPagingTests;
			productReference = 980237441F2B8FED00C3BEC2 /* CollectionViewWithPagingTests.xctest */;
			productType = "com.apple.product-type.bundle.unit-test";
		};
		9802374E1F2B8FED00C3BEC2 /* CollectionViewWithPagingUITests */ = {
			isa = PBXNativeTarget;
			buildConfigurationList = 9802375E1F2B8FED00C3BEC2 /* Build configuration list for PBXNativeTarget "CollectionViewWithPagingUITests" */;
			buildPhases = (
				9802374B1F2B8FED00C3BEC2 /* Sources */,
				9802374C1F2B8FED00C3BEC2 /* Frameworks */,
				9802374D1F2B8FED00C3BEC2 /* Resources */,
			);
			buildRules = (
			);
			dependencies = (
				980237511F2B8FED00C3BEC2 /* PBXTargetDependency */,
			);
			name = CollectionViewWithPagingUITests;
			productName = CollectionViewWithPagingUITests;
			productReference = 9802374F1F2B8FED00C3BEC2 /* CollectionViewWithPagingUITests.xctest */;
			productType = "com.apple.product-type.bundle.ui-testing";
		};
/* End PBXNativeTarget section */

/* Begin PBXProject section */
		980237281F2B8FEC00C3BEC2 /* Project object */ = {
			isa = PBXProject;
			attributes = {
				LastSwiftUpdateCheck = 0900;
				LastUpgradeCheck = 0900;
				ORGANIZATIONNAME = "Shai Balassiano";
				TargetAttributes = {
					9802372F1F2B8FEC00C3BEC2 = {
						CreatedOnToolsVersion = 9.0;
					};
					980237431F2B8FED00C3BEC2 = {
						CreatedOnToolsVersion = 9.0;
						TestTargetID = 9802372F1F2B8FEC00C3BEC2;
					};
					9802374E1F2B8FED00C3BEC2 = {
						CreatedOnToolsVersion = 9.0;
						TestTargetID = 9802372F1F2B8FEC00C3BEC2;
					};
				};
			};
			buildConfigurationList = 9802372B1F2B8FEC00C3BEC2 /* Build configuration list for PBXProject "CollectionViewWithPaging" */;
			compatibilityVersion = "Xcode 8.0";
			developmentRegion = en;
			hasScannedForEncodings = 0;
			knownRegions = (
				en,
				Base,
			);
			mainGroup = 980237271F2B8FEC00C3BEC2;
			productRefGroup = 980237311F2B8FEC00C3BEC2 /* Products */;
			projectDirPath = "";
			projectRoot = "";
			targets = (
				9802372F1F2B8FEC00C3BEC2 /* CollectionViewWithPaging */,
				980237431F2B8FED00C3BEC2 /* CollectionViewWithPagingTests */,
				9802374E1F2B8FED00C3BEC2 /* CollectionViewWithPagingUITests */,
			);
		};
/* End PBXProject section */

/* Begin PBXResourcesBuildPhase section */
		9802372E1F2B8FEC00C3BEC2 /* Resources */ = {
			isa = PBXResourcesBuildPhase;
			buildActionMask = 2147483647;
			files = (
				9802373E1F2B8FEC00C3BEC2 /* LaunchScreen.storyboard in Resources */,
				9802373B1F2B8FEC00C3BEC2 /* Assets.xcassets in Resources */,
				980237391F2B8FEC00C3BEC2 /* Main.storyboard in Resources */,
			);
			runOnlyForDeploymentPostprocessing = 0;
		};
		980237421F2B8FED00C3BEC2 /* Resources */ = {
			isa = PBXResourcesBuildPhase;
			buildActionMask = 2147483647;
			files = (
			);
			runOnlyForDeploymentPostprocessing = 0;
		};
		9802374D1F2B8FED00C3BEC2 /* Resources */ = {
			isa = PBXResourcesBuildPhase;
			buildActionMask = 2147483647;
			files = (
			);
			runOnlyForDeploymentPostprocessing = 0;
		};
/* End PBXResourcesBuildPhase section */

/* Begin PBXSourcesBuildPhase section */
		9802372C1F2B8FEC00C3BEC2 /* Sources */ = {
			isa = PBXSourcesBuildPhase;
			buildActionMask = 2147483647;
			files = (
				98F4502C1F2B931B003CA369 /* ColorsPaletteCollectionViewCell.swift in Sources */,
				980237361F2B8FEC00C3BEC2 /* ViewController.swift in Sources */,
				980237341F2B8FEC00C3BEC2 /* AppDelegate.swift in Sources */,
				98F4502A1F2B9300003CA369 /* UIColor+RainbowCrayons.swift in Sources */,
			);
			runOnlyForDeploymentPostprocessing = 0;
		};
		980237401F2B8FED00C3BEC2 /* Sources */ = {
			isa = PBXSourcesBuildPhase;
			buildActionMask = 2147483647;
			files = (
				980237491F2B8FED00C3BEC2 /* CollectionViewWithPagingTests.swift in Sources */,
			);
			runOnlyForDeploymentPostprocessing = 0;
		};
		9802374B1F2B8FED00C3BEC2 /* Sources */ = {
			isa = PBXSourcesBuildPhase;
			buildActionMask = 2147483647;
			files = (
				980237541F2B8FED00C3BEC2 /* CollectionViewWithPagingUITests.swift in Sources */,
			);
			runOnlyForDeploymentPostprocessing = 0;
		};
/* End PBXSourcesBuildPhase section */

/* Begin PBXTargetDependency section */
		980237461F2B8FED00C3BEC2 /* PBXTargetDependency */ = {
			isa = PBXTargetDependency;
			target = 9802372F1F2B8FEC00C3BEC2 /* CollectionViewWithPaging */;
			targetProxy = 980237451F2B8FED00C3BEC2 /* PBXContainerItemProxy */;
		};
		980237511F2B8FED00C3BEC2 /* PBXTargetDependency */ = {
			isa = PBXTargetDependency;
			target = 9802372F1F2B8FEC00C3BEC2 /* CollectionViewWithPaging */;
			targetProxy = 980237501F2B8FED00C3BEC2 /* PBXContainerItemProxy */;
		};
/* End PBXTargetDependency section */

/* Begin PBXVariantGroup section */
		980237371F2B8FEC00C3BEC2 /* Main.storyboard */ = {
			isa = PBXVariantGroup;
			children = (
				980237381F2B8FEC00C3BEC2 /* Base */,
			);
			name = Main.storyboard;
			sourceTree = "<group>";
		};
		9802373C1F2B8FEC00C3BEC2 /* LaunchScreen.storyboard */ = {
			isa = PBXVariantGroup;
			children = (
				9802373D1F2B8FEC00C3BEC2 /* Base */,
			);
			name = LaunchScreen.storyboard;
			sourceTree = "<group>";
		};
/* End PBXVariantGroup section */

/* Begin XCBuildConfiguration section */
		980237561F2B8FED00C3BEC2 /* Debug */ = {
			isa = XCBuildConfiguration;
			buildSettings = {
				ALWAYS_SEARCH_USER_PATHS = NO;
				CLANG_ANALYZER_NONNULL = YES;
				CLANG_ANALYZER_NUMBER_OBJECT_CONVERSION = YES_AGGRESSIVE;
				CLANG_CXX_LANGUAGE_STANDARD = "gnu++14";
				CLANG_CXX_LIBRARY = "libc++";
				CLANG_ENABLE_MODULES = YES;
				CLANG_ENABLE_OBJC_ARC = YES;
				CLANG_WARN_BLOCK_CAPTURE_AUTORELEASING = YES;
				CLANG_WARN_BOOL_CONVERSION = YES;
				CLANG_WARN_COMMA = YES;
				CLANG_WARN_CONSTANT_CONVERSION = YES;
				CLANG_WARN_DIRECT_OBJC_ISA_USAGE = YES_ERROR;
				CLANG_WARN_DOCUMENTATION_COMMENTS = YES;
				CLANG_WARN_EMPTY_BODY = YES;
				CLANG_WARN_ENUM_CONVERSION = YES;
				CLANG_WARN_INFINITE_RECURSION = YES;
				CLANG_WARN_INT_CONVERSION = YES;
				CLANG_WARN_NON_LITERAL_NULL_CONVERSION = YES;
				CLANG_WARN_OBJC_LITERAL_CONVERSION = YES;
				CLANG_WARN_OBJC_ROOT_CLASS = YES_ERROR;
				CLANG_WARN_RANGE_LOOP_ANALYSIS = YES;
				CLANG_WARN_STRICT_PROTOTYPES = YES;
				CLANG_WARN_SUSPICIOUS_MOVE = YES;
				CLANG_WARN_UNGUARDED_AVAILABILITY = YES_AGGRESSIVE;
				CLANG_WARN_UNREACHABLE_CODE = YES;
				CLANG_WARN__DUPLICATE_METHOD_MATCH = YES;
				CODE_SIGN_IDENTITY = "iPhone Developer";
				COPY_PHASE_STRIP = NO;
				DEBUG_INFORMATION_FORMAT = dwarf;
				ENABLE_STRICT_OBJC_MSGSEND = YES;
				ENABLE_TESTABILITY = YES;
				GCC_C_LANGUAGE_STANDARD = gnu11;
				GCC_DYNAMIC_NO_PIC = NO;
				GCC_NO_COMMON_BLOCKS = YES;
				GCC_OPTIMIZATION_LEVEL = 0;
				GCC_PREPROCESSOR_DEFINITIONS = (
					"DEBUG=1",
					"$(inherited)",
				);
				GCC_WARN_64_TO_32_BIT_CONVERSION = YES;
				GCC_WARN_ABOUT_RETURN_TYPE = YES_ERROR;
				GCC_WARN_UNDECLARED_SELECTOR = YES;
				GCC_WARN_UNINITIALIZED_AUTOS = YES_AGGRESSIVE;
				GCC_WARN_UNUSED_FUNCTION = YES;
				GCC_WARN_UNUSED_VARIABLE = YES;
				IPHONEOS_DEPLOYMENT_TARGET = 11.0;
				MTL_ENABLE_DEBUG_INFO = YES;
				ONLY_ACTIVE_ARCH = YES;
				SDKROOT = iphoneos;
				SWIFT_ACTIVE_COMPILATION_CONDITIONS = DEBUG;
				SWIFT_OPTIMIZATION_LEVEL = "-Onone";
			};
			name = Debug;
		};
		980237571F2B8FED00C3BEC2 /* Release */ = {
			isa = XCBuildConfiguration;
			buildSettings = {
				ALWAYS_SEARCH_USER_PATHS = NO;
				CLANG_ANALYZER_NONNULL = YES;
				CLANG_ANALYZER_NUMBER_OBJECT_CONVERSION = YES_AGGRESSIVE;
				CLANG_CXX_LANGUAGE_STANDARD = "gnu++14";
				CLANG_CXX_LIBRARY = "libc++";
				CLANG_ENABLE_MODULES = YES;
				CLANG_ENABLE_OBJC_ARC = YES;
				CLANG_WARN_BLOCK_CAPTURE_AUTORELEASING = YES;
				CLANG_WARN_BOOL_CONVERSION = YES;
				CLANG_WARN_COMMA = YES;
				CLANG_WARN_CONSTANT_CONVERSION = YES;
				CLANG_WARN_DIRECT_OBJC_ISA_USAGE = YES_ERROR;
				CLANG_WARN_DOCUMENTATION_COMMENTS = YES;
				CLANG_WARN_EMPTY_BODY = YES;
				CLANG_WARN_ENUM_CONVERSION = YES;
				CLANG_WARN_INFINITE_RECURSION = YES;
				CLANG_WARN_INT_CONVERSION = YES;
				CLANG_WARN_NON_LITERAL_NULL_CONVERSION = YES;
				CLANG_WARN_OBJC_LITERAL_CONVERSION = YES;
				CLANG_WARN_OBJC_ROOT_CLASS = YES_ERROR;
				CLANG_WARN_RANGE_LOOP_ANALYSIS = YES;
				CLANG_WARN_STRICT_PROTOTYPES = YES;
				CLANG_WARN_SUSPICIOUS_MOVE = YES;
				CLANG_WARN_UNGUARDED_AVAILABILITY = YES_AGGRESSIVE;
				CLANG_WARN_UNREACHABLE_CODE = YES;
				CLANG_WARN__DUPLICATE_METHOD_MATCH = YES;
				CODE_SIGN_IDENTITY = "iPhone Developer";
				COPY_PHASE_STRIP = NO;
				DEBUG_INFORMATION_FORMAT = "dwarf-with-dsym";
				ENABLE_NS_ASSERTIONS = NO;
				ENABLE_STRICT_OBJC_MSGSEND = YES;
				GCC_C_LANGUAGE_STANDARD = gnu11;
				GCC_NO_COMMON_BLOCKS = YES;
				GCC_WARN_64_TO_32_BIT_CONVERSION = YES;
				GCC_WARN_ABOUT_RETURN_TYPE = YES_ERROR;
				GCC_WARN_UNDECLARED_SELECTOR = YES;
				GCC_WARN_UNINITIALIZED_AUTOS = YES_AGGRESSIVE;
				GCC_WARN_UNUSED_FUNCTION = YES;
				GCC_WARN_UNUSED_VARIABLE = YES;
				IPHONEOS_DEPLOYMENT_TARGET = 11.0;
				MTL_ENABLE_DEBUG_INFO = NO;
				SDKROOT = iphoneos;
				SWIFT_OPTIMIZATION_LEVEL = "-Owholemodule";
				VALIDATE_PRODUCT = YES;
			};
			name = Release;
		};
		980237591F2B8FED00C3BEC2 /* Debug */ = {
			isa = XCBuildConfiguration;
			buildSettings = {
				ASSETCATALOG_COMPILER_APPICON_NAME = AppIcon;
				DEVELOPMENT_TEAM = "";
				INFOPLIST_FILE = CollectionViewWithPaging/Info.plist;
				IPHONEOS_DEPLOYMENT_TARGET = 9.3;
				LD_RUNPATH_SEARCH_PATHS = "$(inherited) @executable_path/Frameworks";
				PRODUCT_BUNDLE_IDENTIFIER = Umake.CollectionViewWithPaging;
				PRODUCT_NAME = "$(TARGET_NAME)";
				SWIFT_VERSION = 4.0;
				TARGETED_DEVICE_FAMILY = "1,2";
			};
			name = Debug;
		};
		9802375A1F2B8FED00C3BEC2 /* Release */ = {
			isa = XCBuildConfiguration;
			buildSettings = {
				ASSETCATALOG_COMPILER_APPICON_NAME = AppIcon;
				DEVELOPMENT_TEAM = "";
				INFOPLIST_FILE = CollectionViewWithPaging/Info.plist;
				IPHONEOS_DEPLOYMENT_TARGET = 9.3;
				LD_RUNPATH_SEARCH_PATHS = "$(inherited) @executable_path/Frameworks";
				PRODUCT_BUNDLE_IDENTIFIER = Umake.CollectionViewWithPaging;
				PRODUCT_NAME = "$(TARGET_NAME)";
				SWIFT_VERSION = 4.0;
				TARGETED_DEVICE_FAMILY = "1,2";
			};
			name = Release;
		};
		9802375C1F2B8FED00C3BEC2 /* Debug */ = {
			isa = XCBuildConfiguration;
			buildSettings = {
				ALWAYS_EMBED_SWIFT_STANDARD_LIBRARIES = YES;
				BUNDLE_LOADER = "$(TEST_HOST)";
				DEVELOPMENT_TEAM = P3DK622T9M;
				INFOPLIST_FILE = CollectionViewWithPagingTests/Info.plist;
				LD_RUNPATH_SEARCH_PATHS = "$(inherited) @executable_path/Frameworks @loader_path/Frameworks";
				PRODUCT_BUNDLE_IDENTIFIER = Umake.CollectionViewWithPagingTests;
				PRODUCT_NAME = "$(TARGET_NAME)";
				SWIFT_VERSION = 4.0;
				TARGETED_DEVICE_FAMILY = "1,2";
				TEST_HOST = "$(BUILT_PRODUCTS_DIR)/CollectionViewWithPaging.app/CollectionViewWithPaging";
			};
			name = Debug;
		};
		9802375D1F2B8FED00C3BEC2 /* Release */ = {
			isa = XCBuildConfiguration;
			buildSettings = {
				ALWAYS_EMBED_SWIFT_STANDARD_LIBRARIES = YES;
				BUNDLE_LOADER = "$(TEST_HOST)";
				DEVELOPMENT_TEAM = P3DK622T9M;
				INFOPLIST_FILE = CollectionViewWithPagingTests/Info.plist;
				LD_RUNPATH_SEARCH_PATHS = "$(inherited) @executable_path/Frameworks @loader_path/Frameworks";
				PRODUCT_BUNDLE_IDENTIFIER = Umake.CollectionViewWithPagingTests;
				PRODUCT_NAME = "$(TARGET_NAME)";
				SWIFT_VERSION = 4.0;
				TARGETED_DEVICE_FAMILY = "1,2";
				TEST_HOST = "$(BUILT_PRODUCTS_DIR)/CollectionViewWithPaging.app/CollectionViewWithPaging";
			};
			name = Release;
		};
		9802375F1F2B8FED00C3BEC2 /* Debug */ = {
			isa = XCBuildConfiguration;
			buildSettings = {
				ALWAYS_EMBED_SWIFT_STANDARD_LIBRARIES = YES;
				DEVELOPMENT_TEAM = P3DK622T9M;
				INFOPLIST_FILE = CollectionViewWithPagingUITests/Info.plist;
				LD_RUNPATH_SEARCH_PATHS = "$(inherited) @executable_path/Frameworks @loader_path/Frameworks";
				PRODUCT_BUNDLE_IDENTIFIER = Umake.CollectionViewWithPagingUITests;
				PRODUCT_NAME = "$(TARGET_NAME)";
				SWIFT_VERSION = 4.0;
				TARGETED_DEVICE_FAMILY = "1,2";
				TEST_TARGET_NAME = CollectionViewWithPaging;
			};
			name = Debug;
		};
		980237601F2B8FED00C3BEC2 /* Release */ = {
			isa = XCBuildConfiguration;
			buildSettings = {
				ALWAYS_EMBED_SWIFT_STANDARD_LIBRARIES = YES;
				DEVELOPMENT_TEAM = P3DK622T9M;
				INFOPLIST_FILE = CollectionViewWithPagingUITests/Info.plist;
				LD_RUNPATH_SEARCH_PATHS = "$(inherited) @executable_path/Frameworks @loader_path/Frameworks";
				PRODUCT_BUNDLE_IDENTIFIER = Umake.CollectionViewWithPagingUITests;
				PRODUCT_NAME = "$(TARGET_NAME)";
				SWIFT_VERSION = 4.0;
				TARGETED_DEVICE_FAMILY = "1,2";
				TEST_TARGET_NAME = CollectionViewWithPaging;
			};
			name = Release;
		};
/* End XCBuildConfiguration section */

/* Begin XCConfigurationList section */
		9802372B1F2B8FEC00C3BEC2 /* Build configuration list for PBXProject "CollectionViewWithPaging" */ = {
			isa = XCConfigurationList;
			buildConfigurations = (
				980237561F2B8FED00C3BEC2 /* Debug */,
				980237571F2B8FED00C3BEC2 /* Release */,
			);
			defaultConfigurationIsVisible = 0;
			defaultConfigurationName = Release;
		};
		980237581F2B8FED00C3BEC2 /* Build configuration list for PBXNativeTarget "CollectionViewWithPaging" */ = {
			isa = XCConfigurationList;
			buildConfigurations = (
				980237591F2B8FED00C3BEC2 /* Debug */,
				9802375A1F2B8FED00C3BEC2 /* Release */,
			);
			defaultConfigurationIsVisible = 0;
			defaultConfigurationName = Release;
		};
		9802375B1F2B8FED00C3BEC2 /* Build configuration list for PBXNativeTarget "CollectionViewWithPagingTests" */ = {
			isa = XCConfigurationList;
			buildConfigurations = (
				9802375C1F2B8FED00C3BEC2 /* Debug */,
				9802375D1F2B8FED00C3BEC2 /* Release */,
			);
			defaultConfigurationIsVisible = 0;
			defaultConfigurationName = Release;
		};
		9802375E1F2B8FED00C3BEC2 /* Build configuration list for PBXNativeTarget "CollectionViewWithPagingUITests" */ = {
			isa = XCConfigurationList;
			buildConfigurations = (
				9802375F1F2B8FED00C3BEC2 /* Debug */,
				980237601F2B8FED00C3BEC2 /* Release */,
			);
			defaultConfigurationIsVisible = 0;
			defaultConfigurationName = Release;
		};
/* End XCConfigurationList section */
	};
	rootObject = 980237281F2B8FEC00C3BEC2 /* Project object */;
}
